
Microsoft Visual Studio Solution File, Format Version 12.00
# Visual Studio 15
VisualStudioVersion = 15.0.27703.2042
MinimumVisualStudioVersion = 10.0.40219.1
Project("{FAE04EC0-301F-11D3-BF4B-00C04F79EFBC}") = "CalculatorSum", "CalculatorSum\CalculatorSum.csproj", "{218D9627-34CE-4054-8327-C92501C3F75A}"
EndProject
Global
	GlobalSection(SolutionConfigurationPlatforms) = preSolution
		Debug|Any CPU = Debug|Any CPU
		Release|Any CPU = Release|Any CPU
	EndGlobalSection
	GlobalSection(ProjectConfigurationPlatforms) = postSolution
		{218D9627-34CE-4054-8327-C92501C3F75A}.Debug|Any CPU.ActiveCfg = Debug|Any CPU
		{218D9627-34CE-4054-8327-C92501C3F75A}.Debug|Any CPU.Build.0 = Debug|Any CPU
		{218D9627-34CE-4054-8327-C92501C3F75A}.Release|Any CPU.ActiveCfg = Release|Any CPU
		{218D9627-34CE-4054-8327-C92501C3F75A}.Release|Any CPU.Build.0 = Release|Any CPU
	EndGlobalSection
	GlobalSection(SolutionProperties) = preSolution
		HideSolutionNode = FALSE
	EndGlobalSection
	GlobalSection(ExtensibilityGlobals) = postSolution
		SolutionGuid = {E34FFCF8-263E-423C-BE18-18DBBFE77F02}
	EndGlobalSection
EndGlobal
